
Microsoft Visual Studio Solution File, Format Version 12.00
# Visual Studio Version 16
VisualStudioVersion = 16.0.30011.22
MinimumVisualStudioVersion = 10.0.40219.1
Project("{FAE04EC0-301F-11D3-BF4B-00C04F79EFBC}") = "EntityFrameworkCore", "EntityFrameworkCore\EntityFrameworkCore.csproj", "{294A4ECB-B5B4-4796-B423-D776905CBFC4}"
EndProject
Global
	GlobalSection(SolutionConfigurationPlatforms) = preSolution
		Debug|Any CPU = Debug|Any CPU
		Release|Any CPU = Release|Any CPU
	EndGlobalSection
	GlobalSection(ProjectConfigurationPlatforms) = postSolution
		{294A4ECB-B5B4-4796-B423-D776905CBFC4}.Debug|Any CPU.ActiveCfg = Debug|Any CPU
		{294A4ECB-B5B4-4796-B423-D776905CBFC4}.Debug|Any CPU.Build.0 = Debug|Any CPU
		{294A4ECB-B5B4-4796-B423-D776905CBFC4}.Release|Any CPU.ActiveCfg = Release|Any CPU
		{294A4ECB-B5B4-4796-B423-D776905CBFC4}.Release|Any CPU.Build.0 = Release|Any CPU
	EndGlobalSection
	GlobalSection(SolutionProperties) = preSolution
		HideSolutionNode = FALSE
	EndGlobalSection
	GlobalSection(ExtensibilityGlobals) = postSolution
		SolutionGuid = {F375D524-890C-41D3-A511-0F0F877A36E5}
	EndGlobalSection
EndGlobal
